
Microsoft Visual Studio Solution File, Format Version 12.00
# Visual Studio Version 17
VisualStudioVersion = 17.14.36804.6 d17.14
MinimumVisualStudioVersion = 10.0.40219.1
Project("{FAE04EC0-301F-11D3-BF4B-00C04F79EFBC}") = "SanayyMasr", "SanayyMasr\SanayyMasr.csproj", "{5C7B8FD9-DCE1-44AC-87ED-2F04F4FA2576}"
EndProject
Project("{FAE04EC0-301F-11D3-BF4B-00C04F79EFBC}") = "Business Logic", "Business Logic\Business Logic.csproj", "{11CC813F-0CF5-48C0-A6A6-E877077BEAF0}"
EndProject
Project("{FAE04EC0-301F-11D3-BF4B-00C04F79EFBC}") = "Data Access", "Data Access\Data Access.csproj", "{3499145D-AE67-44DF-89A4-EE6166893E96}"
EndProject
Project("{FAE04EC0-301F-11D3-BF4B-00C04F79EFBC}") = "Entities", "Entities\Entities.csproj", "{119B23EF-A095-4444-BD09-743F24C2221E}"
EndProject
Project("{FAE04EC0-301F-11D3-BF4B-00C04F79EFBC}") = "Shared", "Shared\Shared.csproj", "{6BA61CD4-A5FE-498E-B6E7-1DCC0A563632}"
EndProject
Global
	GlobalSection(SolutionConfigurationPlatforms) = preSolution
		Debug|Any CPU = Debug|Any CPU
		Release|Any CPU = Release|Any CPU
	EndGlobalSection
	GlobalSection(ProjectConfigurationPlatforms) = postSolution
		{5C7B8FD9-DCE1-44AC-87ED-2F04F4FA2576}.Debug|Any CPU.ActiveCfg = Debug|Any CPU
		{5C7B8FD9-DCE1-44AC-87ED-2F04F4FA2576}.Debug|Any CPU.Build.0 = Debug|Any CPU
		{5C7B8FD9-DCE1-44AC-87ED-2F04F4FA2576}.Release|Any CPU.ActiveCfg = Release|Any CPU
		{5C7B8FD9-DCE1-44AC-87ED-2F04F4FA2576}.Release|Any CPU.Build.0 = Release|Any CPU
		{11CC813F-0CF5-48C0-A6A6-E877077BEAF0}.Debug|Any CPU.ActiveCfg = Debug|Any CPU
		{11CC813F-0CF5-48C0-A6A6-E877077BEAF0}.Debug|Any CPU.Build.0 = Debug|Any CPU
		{11CC813F-0CF5-48C0-A6A6-E877077BEAF0}.Release|Any CPU.ActiveCfg = Release|Any CPU
		{11CC813F-0CF5-48C0-A6A6-E877077BEAF0}.Release|Any CPU.Build.0 = Release|Any CPU
		{3499145D-AE67-44DF-89A4-EE6166893E96}.Debug|Any CPU.ActiveCfg = Debug|Any CPU
		{3499145D-AE67-44DF-89A4-EE6166893E96}.Debug|Any CPU.Build.0 = Debug|Any CPU
		{3499145D-AE67-44DF-89A4-EE6166893E96}.Release|Any CPU.ActiveCfg = Release|Any CPU
		{3499145D-AE67-44DF-89A4-EE6166893E96}.Release|Any CPU.Build.0 = Release|Any CPU
		{119B23EF-A095-4444-BD09-743F24C2221E}.Debug|Any CPU.ActiveCfg = Debug|Any CPU
		{119B23EF-A095-4444-BD09-743F24C2221E}.Debug|Any CPU.Build.0 = Debug|Any CPU
		{119B23EF-A095-4444-BD09-743F24C2221E}.Release|Any CPU.ActiveCfg = Release|Any CPU
		{119B23EF-A095-4444-BD09-743F24C2221E}.Release|Any CPU.Build.0 = Release|Any CPU
		{6BA61CD4-A5FE-498E-B6E7-1DCC0A563632}.Debug|Any CPU.ActiveCfg = Debug|Any CPU
		{6BA61CD4-A5FE-498E-B6E7-1DCC0A563632}.Debug|Any CPU.Build.0 = Debug|Any CPU
		{6BA61CD4-A5FE-498E-B6E7-1DCC0A563632}.Release|Any CPU.ActiveCfg = Release|Any CPU
		{6BA61CD4-A5FE-498E-B6E7-1DCC0A563632}.Release|Any CPU.Build.0 = Release|Any CPU
	EndGlobalSection
	GlobalSection(SolutionProperties) = preSolution
		HideSolutionNode = FALSE
	EndGlobalSection
	GlobalSection(ExtensibilityGlobals) = postSolution
		SolutionGuid = {5E41B62E-3FC9-4988-9D85-788F0926A6FE}
	EndGlobalSection
EndGlobal
